
Microsoft Visual Studio Solution File, Format Version 12.00
# Visual Studio Version 16
VisualStudioVersion = 16.0.31112.23
MinimumVisualStudioVersion = 10.0.40219.1
Project("{FAE04EC0-301F-11D3-BF4B-00C04F79EFBC}") = "ChatClientProvider", "ChatClientProvider.csproj", "{C03FAAFD-419A-4814-8AA7-3129697395BD}"
EndProject
Project("{FAE04EC0-301F-11D3-BF4B-00C04F79EFBC}") = "ChatClientWPF", "..\ChatClientWPF\ChatClientWPF.csproj", "{8226DE0F-E2FB-4AD9-931F-0AA37119F724}"
EndProject
Global
	GlobalSection(SolutionConfigurationPlatforms) = preSolution
		Debug|Any CPU = Debug|Any CPU
		Release|Any CPU = Release|Any CPU
	EndGlobalSection
	GlobalSection(ProjectConfigurationPlatforms) = postSolution
		{C03FAAFD-419A-4814-8AA7-3129697395BD}.Debug|Any CPU.ActiveCfg = Debug|Any CPU
		{C03FAAFD-419A-4814-8AA7-3129697395BD}.Debug|Any CPU.Build.0 = Debug|Any CPU
		{C03FAAFD-419A-4814-8AA7-3129697395BD}.Release|Any CPU.ActiveCfg = Release|Any CPU
		{C03FAAFD-419A-4814-8AA7-3129697395BD}.Release|Any CPU.Build.0 = Release|Any CPU
		{8226DE0F-E2FB-4AD9-931F-0AA37119F724}.Debug|Any CPU.ActiveCfg = Debug|Any CPU
		{8226DE0F-E2FB-4AD9-931F-0AA37119F724}.Debug|Any CPU.Build.0 = Debug|Any CPU
		{8226DE0F-E2FB-4AD9-931F-0AA37119F724}.Release|Any CPU.ActiveCfg = Release|Any CPU
		{8226DE0F-E2FB-4AD9-931F-0AA37119F724}.Release|Any CPU.Build.0 = Release|Any CPU
	EndGlobalSection
	GlobalSection(SolutionProperties) = preSolution
		HideSolutionNode = FALSE
	EndGlobalSection
	GlobalSection(ExtensibilityGlobals) = postSolution
		SolutionGuid = {1E5ED4DA-D31B-49CB-A085-9FAE5D2924C1}
	EndGlobalSection
EndGlobal
